<?xml version="1.0" encoding="utf-8"?>
<Project ToolsVersion="4.0" xmlns="http://schemas.microsoft.com/developer/msbuild/2003">
  <ItemGroup>
    <Filter Include="Source Files">
      <UniqueIdentifier>{4FC737F1-C7A5-4376-A066-2A32D752A2FF}</UniqueIdentifier>
      <Extensions>cpp;c;cc;cxx;def;odl;idl;hpj;bat;asm;asmx</Extensions>
    </Filter>
    <Filter Include="Header Files">
      <UniqueIdentifier>{93995380-89BD-4b04-88EB-625FBE52EBFB}</UniqueIdentifier>
      <Extensions>h;hh;hpp;hxx;hm;inl;inc;ipp;xsd</Extensions>
    </Filter>
    <Filter Include="Resource Files">
      <UniqueIdentifier>{67DA6AB6-F800-4c08-8B7A-83BB121AAD01}</UniqueIdentifier>
      <Extensions>rc;ico;cur;bmp;dlg;rc2;rct;bin;rgs;gif;jpg;jpeg;jpe;resx;tiff;tif;png;wav;mfcribbon-ms</Extensions>
    </Filter>
    <Filter Include="Resource Files\graphics">
      <UniqueIdentifier>{541861dd-6132-45e7-8229-1eca5301ed05}</UniqueIdentifier>
    </Filter>
    <Filter Include="Resource Files\fonts">
      <UniqueIdentifier>{c1dc9e03-a253-49d9-a253-d86231440499}</UniqueIdentifier>
    </Filter>
    <Filter Include="Resource Files\sound">
      <UniqueIdentifier>{d707124f-b275-428d-afd6-df91194b7db9}</UniqueIdentifier>
    </Filter>
  </ItemGroup>
  <ItemGroup>
    <ClCompile Include="Player.cpp">
      <Filter>Source Files</Filter>
    </ClCompile>
    <ClCompile Include="ZombieArena.cpp">
      <Filter>Source Files</Filter>
    </ClCompile>
    <ClCompile Include="TextureHolder.cpp">
      <Filter>Source Files</Filter>
    </ClCompile>
    <ClCompile Include="Zombie.cpp">
      <Filter>Source Files</Filter>
    </ClCompile>
    <ClCompile Include="Bullet.cpp">
      <Filter>Source Files</Filter>
    </ClCompile>
    <ClCompile Include="Pickup.cpp">
      <Filter>Source Files</Filter>
    </ClCompile>
    <ClCompile Include="LSound.cpp">
      <Filter>Source Files</Filter>
    </ClCompile>
    <ClCompile Include="LText.cpp">
      <Filter>Source Files</Filter>
    </ClCompile>
    <ClCompile Include="SoundManager.cpp">
      <Filter>Source Files</Filter>
    </ClCompile>
    <ClCompile Include="Weapon.cpp">
      <Filter>Source Files</Filter>
    </ClCompile>
  </ItemGroup>
  <ItemGroup>
    <ClInclude Include="Player.h">
      <Filter>Header Files</Filter>
    </ClInclude>
    <ClInclude Include="ZombieArena.h">
      <Filter>Header Files</Filter>
    </ClInclude>
    <ClInclude Include="TextureHolder.h">
      <Filter>Header Files</Filter>
    </ClInclude>
    <ClInclude Include="Zombie.h">
      <Filter>Header Files</Filter>
    </ClInclude>
    <ClInclude Include="Bullet.h">
      <Filter>Header Files</Filter>
    </ClInclude>
    <ClInclude Include="Pickup.h">
      <Filter>Header Files</Filter>
    </ClInclude>
    <ClInclude Include="LSound.h">
      <Filter>Header Files</Filter>
    </ClInclude>
    <ClInclude Include="LText.h">
      <Filter>Header Files</Filter>
    </ClInclude>
    <ClInclude Include="SoundManager.h">
      <Filter>Header Files</Filter>
    </ClInclude>
    <ClInclude Include="Weapon.h">
      <Filter>Header Files</Filter>
    </ClInclude>
  </ItemGroup>
  <ItemGroup>
    <Image Include="graphics\ammo_icon.png">
      <Filter>Resource Files\graphics</Filter>
    </Image>
    <Image Include="graphics\ammo_pickup.png">
      <Filter>Resource Files\graphics</Filter>
    </Image>
    <Image Include="graphics\background 1280-720.png">
      <Filter>Resource Files\graphics</Filter>
    </Image>
    <Image Include="graphics\background.png">
      <Filter>Resource Files\graphics</Filter>
    </Image>
    <Image Include="graphics\background_originalsize.png">
      <Filter>Resource Files\graphics</Filter>
    </Image>
    <Image Include="graphics\background_sheet.png">
      <Filter>Resource Files\graphics</Filter>
    </Image>
    <Image Include="graphics\bloater.png">
      <Filter>Resource Files\graphics</Filter>
    </Image>
    <Image Include="graphics\blood.png">
      <Filter>Resource Files\graphics</Filter>
    </Image>
    <Image Include="graphics\chaser.png">
      <Filter>Resource Files\graphics</Filter>
    </Image>
    <Image Include="graphics\crawler.png">
      <Filter>Resource Files\graphics</Filter>
    </Image>
    <Image Include="graphics\crosshair.png">
      <Filter>Resource Files\graphics</Filter>
    </Image>
    <Image Include="graphics\health_pickup.png">
      <Filter>Resource Files\graphics</Filter>
    </Image>
    <Image Include="graphics\player.png">
      <Filter>Resource Files\graphics</Filter>
    </Image>
    <Image Include="graphics\sample.png">
      <Filter>Resource Files\graphics</Filter>
    </Image>
  </ItemGroup>
  <ItemGroup>
    <Media Include="sound\footsteps.wav">
      <Filter>Resource Files\sound</Filter>
    </Media>
    <Media Include="sound\hit.wav">
      <Filter>Resource Files\sound</Filter>
    </Media>
    <Media Include="sound\pickup.wav">
      <Filter>Resource Files\sound</Filter>
    </Media>
    <Media Include="sound\powerup.wav">
      <Filter>Resource Files\sound</Filter>
    </Media>
    <Media Include="sound\reload.wav">
      <Filter>Resource Files\sound</Filter>
    </Media>
    <Media Include="sound\reload_failed.wav">
      <Filter>Resource Files\sound</Filter>
    </Media>
    <Media Include="sound\shoot.wav">
      <Filter>Resource Files\sound</Filter>
    </Media>
    <Media Include="sound\splat.wav">
      <Filter>Resource Files\sound</Filter>
    </Media>
  </ItemGroup>
  <ItemGroup>
    <Font Include="fonts\zombiecontrol.ttf">
      <Filter>Resource Files\fonts</Filter>
    </Font>
  </ItemGroup>
</Project>